// !$*UTF8*$!
{
	archiveVersion = 1;
	classes = {
	};
	objectVersion = 77;
	objects = {

/* Begin PBXBuildFile section */
		0FCDA7B885AA2142E859D8EC /* PortfolioMath.swift in Sources */ = {isa = PBXBuildFile; fileRef = 8C1B264C23283BDB17FDD3EA /* PortfolioMath.swift */; };
		37037BD128B15ADA16692556 /* Formatters.swift in Sources */ = {isa = PBXBuildFile; fileRef = 24C74E787B58673AA636CB0A /* Formatters.swift */; };
		3BEE4CB37A7D1A21053F388A /* StockCatalog.json in Resources */ = {isa = PBXBuildFile; fileRef = F484BD1453C34DD2C1B11871 /* StockCatalog.json */; };
		429AE20EBF087E7B9FB4E32D /* QuoteService.swift in Sources */ = {isa = PBXBuildFile; fileRef = C840B5B588AE3FB2650610E5 /* QuoteService.swift */; };
		4E085F59784678C30632F9C4 /* AddHoldingSheet.swift in Sources */ = {isa = PBXBuildFile; fileRef = B6BB088FEEDD3DD4A1D5D5F3 /* AddHoldingSheet.swift */; };
		5D48384638EEC29A096BE36A /* HoldingRowView.swift in Sources */ = {isa = PBXBuildFile; fileRef = DF0B11B81B87948933B59CCD /* HoldingRowView.swift */; };
		62661C1417F8BCB48D12EE2C /* TransactionsSheet.swift in Sources */ = {isa = PBXBuildFile; fileRef = 176BA16468A2C9646743F53A /* TransactionsSheet.swift */; };
		7AA1C0E2FDB1DF639B51E0F0 /* DividendDetailSheet.swift in Sources */ = {isa = PBXBuildFile; fileRef = F8DBF37A3A0C6AAC61BF5A59 /* DividendDetailSheet.swift */; };
		8A57A023FACADB5E85EF0ED0 /* RootPortfolioView.swift in Sources */ = {isa = PBXBuildFile; fileRef = CAB72767A88E163DF29C8241 /* RootPortfolioView.swift */; };
		8FB774B9DF7AD776DBC15A9D /* PortfolioViewModel.swift in Sources */ = {isa = PBXBuildFile; fileRef = 1DE70B3ACD28687CEC85E38E /* PortfolioViewModel.swift */; };
		90BBFAF9076D0AED57BF4DE3 /* YieldLedgerIOSApp.swift in Sources */ = {isa = PBXBuildFile; fileRef = 97957FD5B7FD35B5E0857B3B /* YieldLedgerIOSApp.swift */; };
		9E8EE9EF9E58DF2E5EA71060 /* CompactHoldingRow.swift in Sources */ = {isa = PBXBuildFile; fileRef = 799636D4580403DB0F6DB0B7 /* CompactHoldingRow.swift */; };
		A651720604C968E2ED015AD5 /* SummaryHeaderView.swift in Sources */ = {isa = PBXBuildFile; fileRef = 4234EB75A5119EB7D1764487 /* SummaryHeaderView.swift */; };
		AD9DF90D21D50C42B32B5CA2 /* SoldHoldingsView.swift in Sources */ = {isa = PBXBuildFile; fileRef = E3A3968134D9126A54361019 /* SoldHoldingsView.swift */; };
		AE90F0F2712048A05A6850D2 /* TradeSheet.swift in Sources */ = {isa = PBXBuildFile; fileRef = 8B879D2C862D5B52630DE9AC /* TradeSheet.swift */; };
		AF2160C6F878CFA096279DF8 /* PortfolioModels.swift in Sources */ = {isa = PBXBuildFile; fileRef = B2E76E2483100E65E11FA37E /* PortfolioModels.swift */; };
		B66E87257958A665AAD9FCC6 /* StockCatalogService.swift in Sources */ = {isa = PBXBuildFile; fileRef = A45C7BB0CC7D321F514FE492 /* StockCatalogService.swift */; };
		C0F615DA2908B4B28DE86579 /* PortfolioService.swift in Sources */ = {isa = PBXBuildFile; fileRef = 27F028D33F6096B8BD84D938 /* PortfolioService.swift */; };
		E099AB1FAC07EAFFE8B65377 /* ContentView.swift in Sources */ = {isa = PBXBuildFile; fileRef = 228CBF18446B2167D00A53C8 /* ContentView.swift */; };
/* End PBXBuildFile section */

/* Begin PBXFileReference section */
		176BA16468A2C9646743F53A /* TransactionsSheet.swift */ = {isa = PBXFileReference; lastKnownFileType = sourcecode.swift; path = TransactionsSheet.swift; sourceTree = "<group>"; };
		1DE70B3ACD28687CEC85E38E /* PortfolioViewModel.swift */ = {isa = PBXFileReference; lastKnownFileType = sourcecode.swift; path = PortfolioViewModel.swift; sourceTree = "<group>"; };
		1FA34CBBD66E69A7E47713A9 /* YieldLedgerIOS.app */ = {isa = PBXFileReference; includeInIndex = 0; lastKnownFileType = wrapper.application; path = YieldLedgerIOS.app; sourceTree = BUILT_PRODUCTS_DIR; };
		228CBF18446B2167D00A53C8 /* ContentView.swift */ = {isa = PBXFileReference; lastKnownFileType = sourcecode.swift; path = ContentView.swift; sourceTree = "<group>"; };
		24C74E787B58673AA636CB0A /* Formatters.swift */ = {isa = PBXFileReference; lastKnownFileType = sourcecode.swift; path = Formatters.swift; sourceTree = "<group>"; };
		27F028D33F6096B8BD84D938 /* PortfolioService.swift */ = {isa = PBXFileReference; lastKnownFileType = sourcecode.swift; path = PortfolioService.swift; sourceTree = "<group>"; };
		4234EB75A5119EB7D1764487 /* SummaryHeaderView.swift */ = {isa = PBXFileReference; lastKnownFileType = sourcecode.swift; path = SummaryHeaderView.swift; sourceTree = "<group>"; };
		799636D4580403DB0F6DB0B7 /* CompactHoldingRow.swift */ = {isa = PBXFileReference; lastKnownFileType = sourcecode.swift; path = CompactHoldingRow.swift; sourceTree = "<group>"; };
		8B879D2C862D5B52630DE9AC /* TradeSheet.swift */ = {isa = PBXFileReference; lastKnownFileType = sourcecode.swift; path = TradeSheet.swift; sourceTree = "<group>"; };
		8C1B264C23283BDB17FDD3EA /* PortfolioMath.swift */ = {isa = PBXFileReference; lastKnownFileType = sourcecode.swift; path = PortfolioMath.swift; sourceTree = "<group>"; };
		97957FD5B7FD35B5E0857B3B /* YieldLedgerIOSApp.swift */ = {isa = PBXFileReference; lastKnownFileType = sourcecode.swift; path = YieldLedgerIOSApp.swift; sourceTree = "<group>"; };
		9AB7FCABF01E50367F77C4A7 /* Info.plist */ = {isa = PBXFileReference; lastKnownFileType = text.plist; path = Info.plist; sourceTree = "<group>"; };
		A45C7BB0CC7D321F514FE492 /* StockCatalogService.swift */ = {isa = PBXFileReference; lastKnownFileType = sourcecode.swift; path = StockCatalogService.swift; sourceTree = "<group>"; };
		B2E76E2483100E65E11FA37E /* PortfolioModels.swift */ = {isa = PBXFileReference; lastKnownFileType = sourcecode.swift; path = PortfolioModels.swift; sourceTree = "<group>"; };
		B6BB088FEEDD3DD4A1D5D5F3 /* AddHoldingSheet.swift */ = {isa = PBXFileReference; lastKnownFileType = sourcecode.swift; path = AddHoldingSheet.swift; sourceTree = "<group>"; };
		C840B5B588AE3FB2650610E5 /* QuoteService.swift */ = {isa = PBXFileReference; lastKnownFileType = sourcecode.swift; path = QuoteService.swift; sourceTree = "<group>"; };
		CAB72767A88E163DF29C8241 /* RootPortfolioView.swift */ = {isa = PBXFileReference; lastKnownFileType = sourcecode.swift; path = RootPortfolioView.swift; sourceTree = "<group>"; };
		DF0B11B81B87948933B59CCD /* HoldingRowView.swift */ = {isa = PBXFileReference; lastKnownFileType = sourcecode.swift; path = HoldingRowView.swift; sourceTree = "<group>"; };
		E3A3968134D9126A54361019 /* SoldHoldingsView.swift */ = {isa = PBXFileReference; lastKnownFileType = sourcecode.swift; path = SoldHoldingsView.swift; sourceTree = "<group>"; };
		F484BD1453C34DD2C1B11871 /* StockCatalog.json */ = {isa = PBXFileReference; lastKnownFileType = text.json; path = StockCatalog.json; sourceTree = "<group>"; };
		F8DBF37A3A0C6AAC61BF5A59 /* DividendDetailSheet.swift */ = {isa = PBXFileReference; lastKnownFileType = sourcecode.swift; path = DividendDetailSheet.swift; sourceTree = "<group>"; };
/* End PBXFileReference section */

/* Begin PBXGroup section */
		00FBEAE57137AEE0F32A01E6 /* ViewModels */ = {
			isa = PBXGroup;
			children = (
				1DE70B3ACD28687CEC85E38E /* PortfolioViewModel.swift */,
			);
			path = ViewModels;
			sourceTree = "<group>";
		};
		010E384A4B17CFA93DFBC1F4 /* Models */ = {
			isa = PBXGroup;
			children = (
				B2E76E2483100E65E11FA37E /* PortfolioModels.swift */,
			);
			path = Models;
			sourceTree = "<group>";
		};
		3DCCA254FCB0A96429B0975A /* Resources */ = {
			isa = PBXGroup;
			children = (
				F484BD1453C34DD2C1B11871 /* StockCatalog.json */,
			);
			path = Resources;
			sourceTree = "<group>";
		};
		4D885B9E491B1787E09746E6 /* Views */ = {
			isa = PBXGroup;
			children = (
				B6BB088FEEDD3DD4A1D5D5F3 /* AddHoldingSheet.swift */,
				799636D4580403DB0F6DB0B7 /* CompactHoldingRow.swift */,
				228CBF18446B2167D00A53C8 /* ContentView.swift */,
				F8DBF37A3A0C6AAC61BF5A59 /* DividendDetailSheet.swift */,
				DF0B11B81B87948933B59CCD /* HoldingRowView.swift */,
				E3A3968134D9126A54361019 /* SoldHoldingsView.swift */,
				4234EB75A5119EB7D1764487 /* SummaryHeaderView.swift */,
				8B879D2C862D5B52630DE9AC /* TradeSheet.swift */,
				176BA16468A2C9646743F53A /* TransactionsSheet.swift */,
			);
			path = Views;
			sourceTree = "<group>";
		};
		6A677A10B44F055BAC437523 /* Utilities */ = {
			isa = PBXGroup;
			children = (
				24C74E787B58673AA636CB0A /* Formatters.swift */,
			);
			path = Utilities;
			sourceTree = "<group>";
		};
		7C56640EFF9BE2F624FEF76C = {
			isa = PBXGroup;
			children = (
				DC3D04ACD38DB6A785E48F95 /* YieldLedgerIOS */,
				CFE12B2BE7380F46D8328377 /* Products */,
			);
			sourceTree = "<group>";
		};
		CFE12B2BE7380F46D8328377 /* Products */ = {
			isa = PBXGroup;
			children = (
				1FA34CBBD66E69A7E47713A9 /* YieldLedgerIOS.app */,
			);
			name = Products;
			sourceTree = "<group>";
		};
		DC3D04ACD38DB6A785E48F95 /* YieldLedgerIOS */ = {
			isa = PBXGroup;
			children = (
				9AB7FCABF01E50367F77C4A7 /* Info.plist */,
				E6E640D420C4EDA8FFDD7610 /* App */,
				010E384A4B17CFA93DFBC1F4 /* Models */,
				3DCCA254FCB0A96429B0975A /* Resources */,
				F285E5092032EE243FA04F6D /* Services */,
				6A677A10B44F055BAC437523 /* Utilities */,
				00FBEAE57137AEE0F32A01E6 /* ViewModels */,
				4D885B9E491B1787E09746E6 /* Views */,
			);
			path = YieldLedgerIOS;
			sourceTree = "<group>";
		};
		E6E640D420C4EDA8FFDD7610 /* App */ = {
			isa = PBXGroup;
			children = (
				CAB72767A88E163DF29C8241 /* RootPortfolioView.swift */,
				97957FD5B7FD35B5E0857B3B /* YieldLedgerIOSApp.swift */,
			);
			path = App;
			sourceTree = "<group>";
		};
		F285E5092032EE243FA04F6D /* Services */ = {
			isa = PBXGroup;
			children = (
				8C1B264C23283BDB17FDD3EA /* PortfolioMath.swift */,
				27F028D33F6096B8BD84D938 /* PortfolioService.swift */,
				C840B5B588AE3FB2650610E5 /* QuoteService.swift */,
				A45C7BB0CC7D321F514FE492 /* StockCatalogService.swift */,
			);
			path = Services;
			sourceTree = "<group>";
		};
/* End PBXGroup section */

/* Begin PBXNativeTarget section */
		CE8DAFA71D52F1FC176304B6 /* YieldLedgerIOS */ = {
			isa = PBXNativeTarget;
			buildConfigurationList = BC7DEF7DB5C4535FBC10F336 /* Build configuration list for PBXNativeTarget "YieldLedgerIOS" */;
			buildPhases = (
				8E5831F066AEAB3DBEE64BE5 /* Sources */,
				C4D7BC116481530102683174 /* Resources */,
			);
			buildRules = (
			);
			dependencies = (
			);
			name = YieldLedgerIOS;
			packageProductDependencies = (
			);
			productName = YieldLedgerIOS;
			productReference = 1FA34CBBD66E69A7E47713A9 /* YieldLedgerIOS.app */;
			productType = "com.apple.product-type.application";
		};
/* End PBXNativeTarget section */

/* Begin PBXProject section */
		E4AC18067CFE8CC561E2EC6C /* Project object */ = {
			isa = PBXProject;
			attributes = {
				BuildIndependentTargetsInParallel = YES;
				LastUpgradeCheck = 1430;
				TargetAttributes = {
					CE8DAFA71D52F1FC176304B6 = {
						ProvisioningStyle = Automatic;
					};
				};
			};
			buildConfigurationList = 271BF69ABCF0F01839EFB2E4 /* Build configuration list for PBXProject "YieldLedgerIOS" */;
			developmentRegion = en;
			hasScannedForEncodings = 0;
			knownRegions = (
				Base,
				en,
			);
			mainGroup = 7C56640EFF9BE2F624FEF76C;
			minimizedProjectReferenceProxies = 1;
			preferredProjectObjectVersion = 77;
			productRefGroup = CFE12B2BE7380F46D8328377 /* Products */;
			projectDirPath = "";
			projectRoot = "";
			targets = (
				CE8DAFA71D52F1FC176304B6 /* YieldLedgerIOS */,
			);
		};
/* End PBXProject section */

/* Begin PBXResourcesBuildPhase section */
		C4D7BC116481530102683174 /* Resources */ = {
			isa = PBXResourcesBuildPhase;
			buildActionMask = 2147483647;
			files = (
				3BEE4CB37A7D1A21053F388A /* StockCatalog.json in Resources */,
			);
			runOnlyForDeploymentPostprocessing = 0;
		};
/* End PBXResourcesBuildPhase section */

/* Begin PBXSourcesBuildPhase section */
		8E5831F066AEAB3DBEE64BE5 /* Sources */ = {
			isa = PBXSourcesBuildPhase;
			buildActionMask = 2147483647;
			files = (
				4E085F59784678C30632F9C4 /* AddHoldingSheet.swift in Sources */,
				9E8EE9EF9E58DF2E5EA71060 /* CompactHoldingRow.swift in Sources */,
				E099AB1FAC07EAFFE8B65377 /* ContentView.swift in Sources */,
				7AA1C0E2FDB1DF639B51E0F0 /* DividendDetailSheet.swift in Sources */,
				37037BD128B15ADA16692556 /* Formatters.swift in Sources */,
				5D48384638EEC29A096BE36A /* HoldingRowView.swift in Sources */,
				0FCDA7B885AA2142E859D8EC /* PortfolioMath.swift in Sources */,
				AF2160C6F878CFA096279DF8 /* PortfolioModels.swift in Sources */,
				C0F615DA2908B4B28DE86579 /* PortfolioService.swift in Sources */,
				8FB774B9DF7AD776DBC15A9D /* PortfolioViewModel.swift in Sources */,
				429AE20EBF087E7B9FB4E32D /* QuoteService.swift in Sources */,
				8A57A023FACADB5E85EF0ED0 /* RootPortfolioView.swift in Sources */,
				AD9DF90D21D50C42B32B5CA2 /* SoldHoldingsView.swift in Sources */,
				B66E87257958A665AAD9FCC6 /* StockCatalogService.swift in Sources */,
				A651720604C968E2ED015AD5 /* SummaryHeaderView.swift in Sources */,
				AE90F0F2712048A05A6850D2 /* TradeSheet.swift in Sources */,
				62661C1417F8BCB48D12EE2C /* TransactionsSheet.swift in Sources */,
				90BBFAF9076D0AED57BF4DE3 /* YieldLedgerIOSApp.swift in Sources */,
			);
			runOnlyForDeploymentPostprocessing = 0;
		};
/* End PBXSourcesBuildPhase section */

/* Begin XCBuildConfiguration section */
		18DA5C3FE06FA9919CFEB16C /* Release */ = {
			isa = XCBuildConfiguration;
			buildSettings = {
				ASSETCATALOG_COMPILER_APPICON_NAME = AppIcon;
				CODE_SIGN_IDENTITY = "iPhone Developer";
				CODE_SIGN_STYLE = Automatic;
				INFOPLIST_FILE = YieldLedgerIOS/Info.plist;
				IPHONEOS_DEPLOYMENT_TARGET = 17.0;
				LD_RUNPATH_SEARCH_PATHS = (
					"$(inherited)",
					"@executable_path/Frameworks",
				);
				PRODUCT_BUNDLE_IDENTIFIER = com.remember20240711.yieldledger.ios;
				SDKROOT = iphoneos;
				SWIFT_VERSION = 6.0;
				TARGETED_DEVICE_FAMILY = "1,2";
			};
			name = Release;
		};
		1A510722ADEE9CF048AC7E69 /* Debug */ = {
			isa = XCBuildConfiguration;
			buildSettings = {
				ALWAYS_SEARCH_USER_PATHS = NO;
				CLANG_ANALYZER_NONNULL = YES;
				CLANG_ANALYZER_NUMBER_OBJECT_CONVERSION = YES_AGGRESSIVE;
				CLANG_CXX_LANGUAGE_STANDARD = "gnu++14";
				CLANG_CXX_LIBRARY = "libc++";
				CLANG_ENABLE_MODULES = YES;
				CLANG_ENABLE_OBJC_ARC = YES;
				CLANG_ENABLE_OBJC_WEAK = YES;
				CLANG_WARN_BLOCK_CAPTURE_AUTORELEASING = YES;
				CLANG_WARN_BOOL_CONVERSION = YES;
				CLANG_WARN_COMMA = YES;
				CLANG_WARN_CONSTANT_CONVERSION = YES;
				CLANG_WARN_DEPRECATED_OBJC_IMPLEMENTATIONS = YES;
				CLANG_WARN_DIRECT_OBJC_ISA_USAGE = YES_ERROR;
				CLANG_WARN_DOCUMENTATION_COMMENTS = YES;
				CLANG_WARN_EMPTY_BODY = YES;
				CLANG_WARN_ENUM_CONVERSION = YES;
				CLANG_WARN_INFINITE_RECURSION = YES;
				CLANG_WARN_INT_CONVERSION = YES;
				CLANG_WARN_NON_LITERAL_NULL_CONVERSION = YES;
				CLANG_WARN_OBJC_IMPLICIT_RETAIN_SELF = YES;
				CLANG_WARN_OBJC_LITERAL_CONVERSION = YES;
				CLANG_WARN_OBJC_ROOT_CLASS = YES_ERROR;
				CLANG_WARN_QUOTED_INCLUDE_IN_FRAMEWORK_HEADER = YES;
				CLANG_WARN_RANGE_LOOP_ANALYSIS = YES;
				CLANG_WARN_STRICT_PROTOTYPES = YES;
				CLANG_WARN_SUSPICIOUS_MOVE = YES;
				CLANG_WARN_UNGUARDED_AVAILABILITY = YES_AGGRESSIVE;
				CLANG_WARN_UNREACHABLE_CODE = YES;
				CLANG_WARN__DUPLICATE_METHOD_MATCH = YES;
				COPY_PHASE_STRIP = NO;
				DEBUG_INFORMATION_FORMAT = dwarf;
				ENABLE_STRICT_OBJC_MSGSEND = YES;
				ENABLE_TESTABILITY = YES;
				GCC_C_LANGUAGE_STANDARD = gnu11;
				GCC_DYNAMIC_NO_PIC = NO;
				GCC_NO_COMMON_BLOCKS = YES;
				GCC_OPTIMIZATION_LEVEL = 0;
				GCC_PREPROCESSOR_DEFINITIONS = (
					"$(inherited)",
					"DEBUG=1",
				);
				GCC_WARN_64_TO_32_BIT_CONVERSION = YES;
				GCC_WARN_ABOUT_RETURN_TYPE = YES_ERROR;
				GCC_WARN_UNDECLARED_SELECTOR = YES;
				GCC_WARN_UNINITIALIZED_AUTOS = YES_AGGRESSIVE;
				GCC_WARN_UNUSED_FUNCTION = YES;
				GCC_WARN_UNUSED_VARIABLE = YES;
				MTL_ENABLE_DEBUG_INFO = INCLUDE_SOURCE;
				MTL_FAST_MATH = YES;
				ONLY_ACTIVE_ARCH = YES;
				PRODUCT_NAME = "Yield Ledger";
				SDKROOT = iphoneos;
				SWIFT_ACTIVE_COMPILATION_CONDITIONS = DEBUG;
				SWIFT_OPTIMIZATION_LEVEL = "-Onone";
				SWIFT_VERSION = 5.0;
			};
			name = Debug;
		};
		B8F7AF684F94409464CB4C32 /* Release */ = {
			isa = XCBuildConfiguration;
			buildSettings = {
				ALWAYS_SEARCH_USER_PATHS = NO;
				CLANG_ANALYZER_NONNULL = YES;
				CLANG_ANALYZER_NUMBER_OBJECT_CONVERSION = YES_AGGRESSIVE;
				CLANG_CXX_LANGUAGE_STANDARD = "gnu++14";
				CLANG_CXX_LIBRARY = "libc++";
				CLANG_ENABLE_MODULES = YES;
				CLANG_ENABLE_OBJC_ARC = YES;
				CLANG_ENABLE_OBJC_WEAK = YES;
				CLANG_WARN_BLOCK_CAPTURE_AUTORELEASING = YES;
				CLANG_WARN_BOOL_CONVERSION = YES;
				CLANG_WARN_COMMA = YES;
				CLANG_WARN_CONSTANT_CONVERSION = YES;
				CLANG_WARN_DEPRECATED_OBJC_IMPLEMENTATIONS = YES;
				CLANG_WARN_DIRECT_OBJC_ISA_USAGE = YES_ERROR;
				CLANG_WARN_DOCUMENTATION_COMMENTS = YES;
				CLANG_WARN_EMPTY_BODY = YES;
				CLANG_WARN_ENUM_CONVERSION = YES;
				CLANG_WARN_INFINITE_RECURSION = YES;
				CLANG_WARN_INT_CONVERSION = YES;
				CLANG_WARN_NON_LITERAL_NULL_CONVERSION = YES;
				CLANG_WARN_OBJC_IMPLICIT_RETAIN_SELF = YES;
				CLANG_WARN_OBJC_LITERAL_CONVERSION = YES;
				CLANG_WARN_OBJC_ROOT_CLASS = YES_ERROR;
				CLANG_WARN_QUOTED_INCLUDE_IN_FRAMEWORK_HEADER = YES;
				CLANG_WARN_RANGE_LOOP_ANALYSIS = YES;
				CLANG_WARN_STRICT_PROTOTYPES = YES;
				CLANG_WARN_SUSPICIOUS_MOVE = YES;
				CLANG_WARN_UNGUARDED_AVAILABILITY = YES_AGGRESSIVE;
				CLANG_WARN_UNREACHABLE_CODE = YES;
				CLANG_WARN__DUPLICATE_METHOD_MATCH = YES;
				COPY_PHASE_STRIP = NO;
				DEBUG_INFORMATION_FORMAT = "dwarf-with-dsym";
				ENABLE_NS_ASSERTIONS = NO;
				ENABLE_STRICT_OBJC_MSGSEND = YES;
				GCC_C_LANGUAGE_STANDARD = gnu11;
				GCC_NO_COMMON_BLOCKS = YES;
				GCC_WARN_64_TO_32_BIT_CONVERSION = YES;
				GCC_WARN_ABOUT_RETURN_TYPE = YES_ERROR;
				GCC_WARN_UNDECLARED_SELECTOR = YES;
				GCC_WARN_UNINITIALIZED_AUTOS = YES_AGGRESSIVE;
				GCC_WARN_UNUSED_FUNCTION = YES;
				GCC_WARN_UNUSED_VARIABLE = YES;
				MTL_ENABLE_DEBUG_INFO = NO;
				MTL_FAST_MATH = YES;
				PRODUCT_NAME = "Yield Ledger";
				SDKROOT = iphoneos;
				SWIFT_COMPILATION_MODE = wholemodule;
				SWIFT_OPTIMIZATION_LEVEL = "-O";
				SWIFT_VERSION = 5.0;
			};
			name = Release;
		};
		D633A08CD99B5FAB0B696D17 /* Debug */ = {
			isa = XCBuildConfiguration;
			buildSettings = {
				ASSETCATALOG_COMPILER_APPICON_NAME = AppIcon;
				CODE_SIGN_IDENTITY = "iPhone Developer";
				CODE_SIGN_STYLE = Automatic;
				INFOPLIST_FILE = YieldLedgerIOS/Info.plist;
				IPHONEOS_DEPLOYMENT_TARGET = 17.0;
				LD_RUNPATH_SEARCH_PATHS = (
					"$(inherited)",
					"@executable_path/Frameworks",
				);
				PRODUCT_BUNDLE_IDENTIFIER = com.remember20240711.yieldledger.ios;
				SDKROOT = iphoneos;
				SWIFT_VERSION = 6.0;
				TARGETED_DEVICE_FAMILY = "1,2";
			};
			name = Debug;
		};
/* End XCBuildConfiguration section */

/* Begin XCConfigurationList section */
		271BF69ABCF0F01839EFB2E4 /* Build configuration list for PBXProject "YieldLedgerIOS" */ = {
			isa = XCConfigurationList;
			buildConfigurations = (
				1A510722ADEE9CF048AC7E69 /* Debug */,
				B8F7AF684F94409464CB4C32 /* Release */,
			);
			defaultConfigurationIsVisible = 0;
			defaultConfigurationName = Debug;
		};
		BC7DEF7DB5C4535FBC10F336 /* Build configuration list for PBXNativeTarget "YieldLedgerIOS" */ = {
			isa = XCConfigurationList;
			buildConfigurations = (
				D633A08CD99B5FAB0B696D17 /* Debug */,
				18DA5C3FE06FA9919CFEB16C /* Release */,
			);
			defaultConfigurationIsVisible = 0;
			defaultConfigurationName = Debug;
		};
/* End XCConfigurationList section */
	};
	rootObject = E4AC18067CFE8CC561E2EC6C /* Project object */;
}
